
Microsoft Visual Studio Solution File, Format Version 12.00
# Visual Studio 15
VisualStudioVersion = 15.0.27004.2009
MinimumVisualStudioVersion = 10.0.40219.1
Project("{FAE04EC0-301F-11D3-BF4B-00C04F79EFBC}") = "SpeechToText.Function", "SpeechToText.Function\SpeechToText.Function.csproj", "{F8C96D87-2CFB-4F19-ADD3-4916FC3122FB}"
EndProject
Global
	GlobalSection(SolutionConfigurationPlatforms) = preSolution
		Debug|Any CPU = Debug|Any CPU
		Release|Any CPU = Release|Any CPU
	EndGlobalSection
	GlobalSection(ProjectConfigurationPlatforms) = postSolution
		{F8C96D87-2CFB-4F19-ADD3-4916FC3122FB}.Debug|Any CPU.ActiveCfg = Debug|Any CPU
		{F8C96D87-2CFB-4F19-ADD3-4916FC3122FB}.Debug|Any CPU.Build.0 = Debug|Any CPU
		{F8C96D87-2CFB-4F19-ADD3-4916FC3122FB}.Release|Any CPU.ActiveCfg = Release|Any CPU
		{F8C96D87-2CFB-4F19-ADD3-4916FC3122FB}.Release|Any CPU.Build.0 = Release|Any CPU
	EndGlobalSection
	GlobalSection(SolutionProperties) = preSolution
		HideSolutionNode = FALSE
	EndGlobalSection
	GlobalSection(ExtensibilityGlobals) = postSolution
		SolutionGuid = {02ECD7A6-2007-4277-B980-FF14A6C7AAF0}
	EndGlobalSection
EndGlobal
